// !$*UTF8*$!
{
	archiveVersion = 1;
	classes = {
	};
	objectVersion = 50;
	objects = {

/* Begin PBXBuildFile section */
		B2E1CF4523525EB200342F17 /* AppDelegate.swift in Sources */ = {isa = PBXBuildFile; fileRef = B2E1CF4423525EB200342F17 /* AppDelegate.swift */; };
		B2E1CF4723525EB300342F17 /* SceneDelegate.swift in Sources */ = {isa = PBXBuildFile; fileRef = B2E1CF4623525EB300342F17 /* SceneDelegate.swift */; };
		B2E1CF4923525EB300342F17 /* ContentView.swift in Sources */ = {isa = PBXBuildFile; fileRef = B2E1CF4823525EB300342F17 /* ContentView.swift */; };
		B2E1CF4B23525EB700342F17 /* Assets.xcassets in Resources */ = {isa = PBXBuildFile; fileRef = B2E1CF4A23525EB700342F17 /* Assets.xcassets */; };
		B2E1CF4E23525EB700342F17 /* Preview Assets.xcassets in Resources */ = {isa = PBXBuildFile; fileRef = B2E1CF4D23525EB700342F17 /* Preview Assets.xcassets */; };
		B2E1CF5123525EB700342F17 /* LaunchScreen.storyboard in Resources */ = {isa = PBXBuildFile; fileRef = B2E1CF4F23525EB700342F17 /* LaunchScreen.storyboard */; };
		B2E1CF5923525FF800342F17 /* Airport.swift in Sources */ = {isa = PBXBuildFile; fileRef = B2E1CF5823525FF800342F17 /* Airport.swift */; };
		B2E1CF5D23529B9000342F17 /* AviationWeather.swift in Sources */ = {isa = PBXBuildFile; fileRef = B2E1CF5C23529B9000342F17 /* AviationWeather.swift */; };
		B2E1CF5F2352AE5D00342F17 /* Metar.swift in Sources */ = {isa = PBXBuildFile; fileRef = B2E1CF5E2352AE5D00342F17 /* Metar.swift */; };
/* End PBXBuildFile section */

/* Begin PBXFileReference section */
		B2E1CF4123525EB200342F17 /* JaxAvWx.app */ = {isa = PBXFileReference; explicitFileType = wrapper.application; includeInIndex = 0; path = JaxAvWx.app; sourceTree = BUILT_PRODUCTS_DIR; };
		B2E1CF4423525EB200342F17 /* AppDelegate.swift */ = {isa = PBXFileReference; lastKnownFileType = sourcecode.swift; path = AppDelegate.swift; sourceTree = "<group>"; };
		B2E1CF4623525EB300342F17 /* SceneDelegate.swift */ = {isa = PBXFileReference; lastKnownFileType = sourcecode.swift; path = SceneDelegate.swift; sourceTree = "<group>"; };
		B2E1CF4823525EB300342F17 /* ContentView.swift */ = {isa = PBXFileReference; lastKnownFileType = sourcecode.swift; path = ContentView.swift; sourceTree = "<group>"; };
		B2E1CF4A23525EB700342F17 /* Assets.xcassets */ = {isa = PBXFileReference; lastKnownFileType = folder.assetcatalog; path = Assets.xcassets; sourceTree = "<group>"; };
		B2E1CF4D23525EB700342F17 /* Preview Assets.xcassets */ = {isa = PBXFileReference; lastKnownFileType = folder.assetcatalog; path = "Preview Assets.xcassets"; sourceTree = "<group>"; };
		B2E1CF5023525EB700342F17 /* Base */ = {isa = PBXFileReference; lastKnownFileType = file.storyboard; name = Base; path = Base.lproj/LaunchScreen.storyboard; sourceTree = "<group>"; };
		B2E1CF5223525EB700342F17 /* Info.plist */ = {isa = PBXFileReference; lastKnownFileType = text.plist.xml; path = Info.plist; sourceTree = "<group>"; };
		B2E1CF5823525FF800342F17 /* Airport.swift */ = {isa = PBXFileReference; lastKnownFileType = sourcecode.swift; path = Airport.swift; sourceTree = "<group>"; };
		B2E1CF5C23529B9000342F17 /* AviationWeather.swift */ = {isa = PBXFileReference; lastKnownFileType = sourcecode.swift; path = AviationWeather.swift; sourceTree = "<group>"; };
		B2E1CF5E2352AE5D00342F17 /* Metar.swift */ = {isa = PBXFileReference; lastKnownFileType = sourcecode.swift; path = Metar.swift; sourceTree = "<group>"; };
/* End PBXFileReference section */

/* Begin PBXFrameworksBuildPhase section */
		B2E1CF3E23525EB200342F17 /* Frameworks */ = {
			isa = PBXFrameworksBuildPhase;
			buildActionMask = 2147483647;
			files = (
			);
			runOnlyForDeploymentPostprocessing = 0;
		};
/* End PBXFrameworksBuildPhase section */

/* Begin PBXGroup section */
		B2E1CF3823525EB200342F17 = {
			isa = PBXGroup;
			children = (
				B2E1CF4323525EB200342F17 /* JaxAvWx */,
				B2E1CF4223525EB200342F17 /* Products */,
			);
			sourceTree = "<group>";
		};
		B2E1CF4223525EB200342F17 /* Products */ = {
			isa = PBXGroup;
			children = (
				B2E1CF4123525EB200342F17 /* JaxAvWx.app */,
			);
			name = Products;
			sourceTree = "<group>";
		};
		B2E1CF4323525EB200342F17 /* JaxAvWx */ = {
			isa = PBXGroup;
			children = (
				B2E1CF4423525EB200342F17 /* AppDelegate.swift */,
				B2E1CF4623525EB300342F17 /* SceneDelegate.swift */,
				B2E1CF4823525EB300342F17 /* ContentView.swift */,
				B2E1CF5823525FF800342F17 /* Airport.swift */,
				B2E1CF4A23525EB700342F17 /* Assets.xcassets */,
				B2E1CF4F23525EB700342F17 /* LaunchScreen.storyboard */,
				B2E1CF5223525EB700342F17 /* Info.plist */,
				B2E1CF4C23525EB700342F17 /* Preview Content */,
				B2E1CF5C23529B9000342F17 /* AviationWeather.swift */,
				B2E1CF5E2352AE5D00342F17 /* Metar.swift */,
			);
			path = JaxAvWx;
			sourceTree = "<group>";
		};
		B2E1CF4C23525EB700342F17 /* Preview Content */ = {
			isa = PBXGroup;
			children = (
				B2E1CF4D23525EB700342F17 /* Preview Assets.xcassets */,
			);
			path = "Preview Content";
			sourceTree = "<group>";
		};
/* End PBXGroup section */

/* Begin PBXNativeTarget section */
		B2E1CF4023525EB200342F17 /* JaxAvWx */ = {
			isa = PBXNativeTarget;
			buildConfigurationList = B2E1CF5523525EB700342F17 /* Build configuration list for PBXNativeTarget "JaxAvWx" */;
			buildPhases = (
				B2E1CF3D23525EB200342F17 /* Sources */,
				B2E1CF3E23525EB200342F17 /* Frameworks */,
				B2E1CF3F23525EB200342F17 /* Resources */,
			);
			buildRules = (
			);
			dependencies = (
			);
			name = JaxAvWx;
			productName = JaxAvWx;
			productReference = B2E1CF4123525EB200342F17 /* JaxAvWx.app */;
			productType = "com.apple.product-type.application";
		};
/* End PBXNativeTarget section */

/* Begin PBXProject section */
		B2E1CF3923525EB200342F17 /* Project object */ = {
			isa = PBXProject;
			attributes = {
				LastSwiftUpdateCheck = 1110;
				LastUpgradeCheck = 1110;
				ORGANIZATIONNAME = "David Fekke";
				TargetAttributes = {
					B2E1CF4023525EB200342F17 = {
						CreatedOnToolsVersion = 11.1;
					};
				};
			};
			buildConfigurationList = B2E1CF3C23525EB200342F17 /* Build configuration list for PBXProject "JaxAvWx" */;
			compatibilityVersion = "Xcode 9.3";
			developmentRegion = en;
			hasScannedForEncodings = 0;
			knownRegions = (
				en,
				Base,
			);
			mainGroup = B2E1CF3823525EB200342F17;
			productRefGroup = B2E1CF4223525EB200342F17 /* Products */;
			projectDirPath = "";
			projectRoot = "";
			targets = (
				B2E1CF4023525EB200342F17 /* JaxAvWx */,
			);
		};
/* End PBXProject section */

/* Begin PBXResourcesBuildPhase section */
		B2E1CF3F23525EB200342F17 /* Resources */ = {
			isa = PBXResourcesBuildPhase;
			buildActionMask = 2147483647;
			files = (
				B2E1CF5123525EB700342F17 /* LaunchScreen.storyboard in Resources */,
				B2E1CF4E23525EB700342F17 /* Preview Assets.xcassets in Resources */,
				B2E1CF4B23525EB700342F17 /* Assets.xcassets in Resources */,
			);
			runOnlyForDeploymentPostprocessing = 0;
		};
/* End PBXResourcesBuildPhase section */

/* Begin PBXSourcesBuildPhase section */
		B2E1CF3D23525EB200342F17 /* Sources */ = {
			isa = PBXSourcesBuildPhase;
			buildActionMask = 2147483647;
			files = (
				B2E1CF4523525EB200342F17 /* AppDelegate.swift in Sources */,
				B2E1CF5F2352AE5D00342F17 /* Metar.swift in Sources */,
				B2E1CF5923525FF800342F17 /* Airport.swift in Sources */,
				B2E1CF4723525EB300342F17 /* SceneDelegate.swift in Sources */,
				B2E1CF5D23529B9000342F17 /* AviationWeather.swift in Sources */,
				B2E1CF4923525EB300342F17 /* ContentView.swift in Sources */,
			);
			runOnlyForDeploymentPostprocessing = 0;
		};
/* End PBXSourcesBuildPhase section */

/* Begin PBXVariantGroup section */
		B2E1CF4F23525EB700342F17 /* LaunchScreen.storyboard */ = {
			isa = PBXVariantGroup;
			children = (
				B2E1CF5023525EB700342F17 /* Base */,
			);
			name = LaunchScreen.storyboard;
			sourceTree = "<group>";
		};
/* End PBXVariantGroup section */

/* Begin XCBuildConfiguration section */
		B2E1CF5323525EB700342F17 /* Debug */ = {
			isa = XCBuildConfiguration;
			buildSettings = {
				ALWAYS_SEARCH_USER_PATHS = NO;
				CLANG_ANALYZER_NONNULL = YES;
				CLANG_ANALYZER_NUMBER_OBJECT_CONVERSION = YES_AGGRESSIVE;
				CLANG_CXX_LANGUAGE_STANDARD = "gnu++14";
				CLANG_CXX_LIBRARY = "libc++";
				CLANG_ENABLE_MODULES = YES;
				CLANG_ENABLE_OBJC_ARC = YES;
				CLANG_ENABLE_OBJC_WEAK = YES;
				CLANG_WARN_BLOCK_CAPTURE_AUTORELEASING = YES;
				CLANG_WARN_BOOL_CONVERSION = YES;
				CLANG_WARN_COMMA = YES;
				CLANG_WARN_CONSTANT_CONVERSION = YES;
				CLANG_WARN_DEPRECATED_OBJC_IMPLEMENTATIONS = YES;
				CLANG_WARN_DIRECT_OBJC_ISA_USAGE = YES_ERROR;
				CLANG_WARN_DOCUMENTATION_COMMENTS = YES;
				CLANG_WARN_EMPTY_BODY = YES;
				CLANG_WARN_ENUM_CONVERSION = YES;
				CLANG_WARN_INFINITE_RECURSION = YES;
				CLANG_WARN_INT_CONVERSION = YES;
				CLANG_WARN_NON_LITERAL_NULL_CONVERSION = YES;
				CLANG_WARN_OBJC_IMPLICIT_RETAIN_SELF = YES;
				CLANG_WARN_OBJC_LITERAL_CONVERSION = YES;
				CLANG_WARN_OBJC_ROOT_CLASS = YES_ERROR;
				CLANG_WARN_RANGE_LOOP_ANALYSIS = YES;
				CLANG_WARN_STRICT_PROTOTYPES = YES;
				CLANG_WARN_SUSPICIOUS_MOVE = YES;
				CLANG_WARN_UNGUARDED_AVAILABILITY = YES_AGGRESSIVE;
				CLANG_WARN_UNREACHABLE_CODE = YES;
				CLANG_WARN__DUPLICATE_METHOD_MATCH = YES;
				COPY_PHASE_STRIP = NO;
				DEBUG_INFORMATION_FORMAT = dwarf;
				ENABLE_STRICT_OBJC_MSGSEND = YES;
				ENABLE_TESTABILITY = YES;
				GCC_C_LANGUAGE_STANDARD = gnu11;
				GCC_DYNAMIC_NO_PIC = NO;
				GCC_NO_COMMON_BLOCKS = YES;
				GCC_OPTIMIZATION_LEVEL = 0;
				GCC_PREPROCESSOR_DEFINITIONS = (
					"DEBUG=1",
					"$(inherited)",
				);
				GCC_WARN_64_TO_32_BIT_CONVERSION = YES;
				GCC_WARN_ABOUT_RETURN_TYPE = YES_ERROR;
				GCC_WARN_UNDECLARED_SELECTOR = YES;
				GCC_WARN_UNINITIALIZED_AUTOS = YES_AGGRESSIVE;
				GCC_WARN_UNUSED_FUNCTION = YES;
				GCC_WARN_UNUSED_VARIABLE = YES;
				IPHONEOS_DEPLOYMENT_TARGET = 13.1;
				MTL_ENABLE_DEBUG_INFO = INCLUDE_SOURCE;
				MTL_FAST_MATH = YES;
				ONLY_ACTIVE_ARCH = YES;
				SDKROOT = iphoneos;
				SWIFT_ACTIVE_COMPILATION_CONDITIONS = DEBUG;
				SWIFT_OPTIMIZATION_LEVEL = "-Onone";
			};
			name = Debug;
		};
		B2E1CF5423525EB700342F17 /* Release */ = {
			isa = XCBuildConfiguration;
			buildSettings = {
				ALWAYS_SEARCH_USER_PATHS = NO;
				CLANG_ANALYZER_NONNULL = YES;
				CLANG_ANALYZER_NUMBER_OBJECT_CONVERSION = YES_AGGRESSIVE;
				CLANG_CXX_LANGUAGE_STANDARD = "gnu++14";
				CLANG_CXX_LIBRARY = "libc++";
				CLANG_ENABLE_MODULES = YES;
				CLANG_ENABLE_OBJC_ARC = YES;
				CLANG_ENABLE_OBJC_WEAK = YES;
				CLANG_WARN_BLOCK_CAPTURE_AUTORELEASING = YES;
				CLANG_WARN_BOOL_CONVERSION = YES;
				CLANG_WARN_COMMA = YES;
				CLANG_WARN_CONSTANT_CONVERSION = YES;
				CLANG_WARN_DEPRECATED_OBJC_IMPLEMENTATIONS = YES;
				CLANG_WARN_DIRECT_OBJC_ISA_USAGE = YES_ERROR;
				CLANG_WARN_DOCUMENTATION_COMMENTS = YES;
				CLANG_WARN_EMPTY_BODY = YES;
				CLANG_WARN_ENUM_CONVERSION = YES;
				CLANG_WARN_INFINITE_RECURSION = YES;
				CLANG_WARN_INT_CONVERSION = YES;
				CLANG_WARN_NON_LITERAL_NULL_CONVERSION = YES;
				CLANG_WARN_OBJC_IMPLICIT_RETAIN_SELF = YES;
				CLANG_WARN_OBJC_LITERAL_CONVERSION = YES;
				CLANG_WARN_OBJC_ROOT_CLASS = YES_ERROR;
				CLANG_WARN_RANGE_LOOP_ANALYSIS = YES;
				CLANG_WARN_STRICT_PROTOTYPES = YES;
				CLANG_WARN_SUSPICIOUS_MOVE = YES;
				CLANG_WARN_UNGUARDED_AVAILABILITY = YES_AGGRESSIVE;
				CLANG_WARN_UNREACHABLE_CODE = YES;
				CLANG_WARN__DUPLICATE_METHOD_MATCH = YES;
				COPY_PHASE_STRIP = NO;
				DEBUG_INFORMATION_FORMAT = "dwarf-with-dsym";
				ENABLE_NS_ASSERTIONS = NO;
				ENABLE_STRICT_OBJC_MSGSEND = YES;
				GCC_C_LANGUAGE_STANDARD = gnu11;
				GCC_NO_COMMON_BLOCKS = YES;
				GCC_WARN_64_TO_32_BIT_CONVERSION = YES;
				GCC_WARN_ABOUT_RETURN_TYPE = YES_ERROR;
				GCC_WARN_UNDECLARED_SELECTOR = YES;
				GCC_WARN_UNINITIALIZED_AUTOS = YES_AGGRESSIVE;
				GCC_WARN_UNUSED_FUNCTION = YES;
				GCC_WARN_UNUSED_VARIABLE = YES;
				IPHONEOS_DEPLOYMENT_TARGET = 13.1;
				MTL_ENABLE_DEBUG_INFO = NO;
				MTL_FAST_MATH = YES;
				SDKROOT = iphoneos;
				SWIFT_COMPILATION_MODE = wholemodule;
				SWIFT_OPTIMIZATION_LEVEL = "-O";
				VALIDATE_PRODUCT = YES;
			};
			name = Release;
		};
		B2E1CF5623525EB700342F17 /* Debug */ = {
			isa = XCBuildConfiguration;
			buildSettings = {
				ASSETCATALOG_COMPILER_APPICON_NAME = AppIcon;
				CODE_SIGN_STYLE = Automatic;
				DEVELOPMENT_ASSET_PATHS = "\"JaxAvWx/Preview Content\"";
				DEVELOPMENT_TEAM = JXRDDKQ33V;
				ENABLE_PREVIEWS = YES;
				INFOPLIST_FILE = JaxAvWx/Info.plist;
				LD_RUNPATH_SEARCH_PATHS = (
					"$(inherited)",
					"@executable_path/Frameworks",
				);
				PRODUCT_BUNDLE_IDENTIFIER = com.fekke.JaxAvWx;
				PRODUCT_NAME = "$(TARGET_NAME)";
				SWIFT_VERSION = 5.0;
				TARGETED_DEVICE_FAMILY = "1,2";
			};
			name = Debug;
		};
		B2E1CF5723525EB700342F17 /* Release */ = {
			isa = XCBuildConfiguration;
			buildSettings = {
				ASSETCATALOG_COMPILER_APPICON_NAME = AppIcon;
				CODE_SIGN_STYLE = Automatic;
				DEVELOPMENT_ASSET_PATHS = "\"JaxAvWx/Preview Content\"";
				DEVELOPMENT_TEAM = JXRDDKQ33V;
				ENABLE_PREVIEWS = YES;
				INFOPLIST_FILE = JaxAvWx/Info.plist;
				LD_RUNPATH_SEARCH_PATHS = (
					"$(inherited)",
					"@executable_path/Frameworks",
				);
				PRODUCT_BUNDLE_IDENTIFIER = com.fekke.JaxAvWx;
				PRODUCT_NAME = "$(TARGET_NAME)";
				SWIFT_VERSION = 5.0;
				TARGETED_DEVICE_FAMILY = "1,2";
			};
			name = Release;
		};
/* End XCBuildConfiguration section */

/* Begin XCConfigurationList section */
		B2E1CF3C23525EB200342F17 /* Build configuration list for PBXProject "JaxAvWx" */ = {
			isa = XCConfigurationList;
			buildConfigurations = (
				B2E1CF5323525EB700342F17 /* Debug */,
				B2E1CF5423525EB700342F17 /* Release */,
			);
			defaultConfigurationIsVisible = 0;
			defaultConfigurationName = Release;
		};
		B2E1CF5523525EB700342F17 /* Build configuration list for PBXNativeTarget "JaxAvWx" */ = {
			isa = XCConfigurationList;
			buildConfigurations = (
				B2E1CF5623525EB700342F17 /* Debug */,
				B2E1CF5723525EB700342F17 /* Release */,
			);
			defaultConfigurationIsVisible = 0;
			defaultConfigurationName = Release;
		};
/* End XCConfigurationList section */
	};
	rootObject = B2E1CF3923525EB200342F17 /* Project object */;
}
